
Microsoft Visual Studio Solution File, Format Version 11.00
# Visual Studio 2010
Project("{FAE04EC0-301F-11D3-BF4B-00C04F79EFBC}") = "cuGenerarInformes", "..\cuGenerarInformes\cuGenerarInformes.csproj", "{A68EA023-3464-492E-BEF4-95C15CD5D2B7}"
EndProject
Project("{FAE04EC0-301F-11D3-BF4B-00C04F79EFBC}") = "scioInterfazLibrary", "..\scioInterfazLibrary\scioInterfazLibrary.csproj", "{A1532754-3BF9-4DEB-A8DC-725269438C5C}"
EndProject
Project("{FAE04EC0-301F-11D3-BF4B-00C04F79EFBC}") = "cuCargaMasiva", "..\cuCargaMasiva\cuCargaMasiva.csproj", "{24304A9F-69A4-4E8F-BE2B-8759727FD29F}"
EndProject
Project("{FAE04EC0-301F-11D3-BF4B-00C04F79EFBC}") = "toolsGestion", "..\toolsGestion\toolsGestion.csproj", "{FEC4C746-F212-4A91-BB02-2FED8F384825}"
EndProject
Project("{FAE04EC0-301F-11D3-BF4B-00C04F79EFBC}") = "scioParamLibrary", "..\scioParamLibrary\scioParamLibrary.csproj", "{B7850306-4B1E-4CB6-8348-0AD2D9DF250D}"
EndProject
Project("{FAE04EC0-301F-11D3-BF4B-00C04F79EFBC}") = "scioBaseLibrary", "..\scioBaseLibrary\scioBaseLibrary.csproj", "{AD2461E2-4B9D-4FDE-A137-E09106E69C0A}"
EndProject
Project("{FAE04EC0-301F-11D3-BF4B-00C04F79EFBC}") = "cuConfigurarUsuarios", "..\cuConfigurarUsuarios\cuConfigurarUsuarios.csproj", "{4134C84B-6CB8-4C1A-8124-15E0C6E3B910}"
EndProject
Project("{FAE04EC0-301F-11D3-BF4B-00C04F79EFBC}") = "cuIniciarSesion", "..\cuIniciarSesion\cuIniciarSesion.csproj", "{00A6BEE2-3FBF-49E9-A9FC-332A1232D329}"
EndProject
Project("{FAE04EC0-301F-11D3-BF4B-00C04F79EFBC}") = "cuConfigurarGestion", "..\cuConfigurarGestion\cuConfigurarGestion.csproj", "{276F7642-479F-4A8F-82DA-0FF8740FE3CC}"
EndProject
Project("{FAE04EC0-301F-11D3-BF4B-00C04F79EFBC}") = "cuAbmFactura", "..\cuAbmFactura\cuAbmFactura.csproj", "{C59F2E0D-CB6B-4515-AF5A-ED0E68C1A4BD}"
EndProject
Project("{FAE04EC0-301F-11D3-BF4B-00C04F79EFBC}") = "cuAbmContacto", "..\cuAbmContacto\cuAbmContacto.csproj", "{630CB75E-CC26-4C48-BD06-A804E9C5C9D6}"
EndProject
Project("{FAE04EC0-301F-11D3-BF4B-00C04F79EFBC}") = "cuAbmEntidad", "..\cuAbmEntidad\cuAbmEntidad.csproj", "{DFE41A83-00E6-446D-BCFD-2C9BF38CB5AC}"
EndProject
Project("{FAE04EC0-301F-11D3-BF4B-00C04F79EFBC}") = "cuAbmEstrategia", "..\cuAbmEstrategias\cuAbmEstrategia.csproj", "{366A3893-8FAA-4DFE-B761-308AB082A5C1}"
EndProject
Project("{FAE04EC0-301F-11D3-BF4B-00C04F79EFBC}") = "scioControlLibrary", "..\scioControlLibrary\scioControlLibrary.csproj", "{59868B40-E020-4670-A050-0416612DC0F4}"
EndProject
Project("{FAE04EC0-301F-11D3-BF4B-00C04F79EFBC}") = "scioLoggingLibrary", "..\scioLoggingLibrary\scioLoggingLibrary.csproj", "{46E3A4FB-5312-4F65-B9D7-843746675EBD}"
EndProject
Project("{FAE04EC0-301F-11D3-BF4B-00C04F79EFBC}") = "scioPersistentLibrary", "..\scioPersistentLibrary\scioPersistentLibrary.csproj", "{7E75D0C5-513D-4FEF-BD22-1FBD9E7E3441}"
EndProject
Project("{FAE04EC0-301F-11D3-BF4B-00C04F79EFBC}") = "scioReportLibrary", "..\scioReportLibrary\scioReportLibrary.csproj", "{E39A9314-1294-4F23-AF05-4F7E34388940}"
EndProject
Project("{FAE04EC0-301F-11D3-BF4B-00C04F79EFBC}") = "scioSecureLibrary", "..\scioSecureLibrary\scioSecureLibrary.csproj", "{1AEAFA5B-198F-4EA9-9BB6-E3F68F5DF0A2}"
EndProject
Project("{FAE04EC0-301F-11D3-BF4B-00C04F79EFBC}") = "scioThirdPartLibrary", "..\scioThirdPartLibrary\scioThirdPartLibrary.csproj", "{29546862-CA49-4A1D-9DD5-6513536D6C80}"
EndProject
Project("{FAE04EC0-301F-11D3-BF4B-00C04F79EFBC}") = "scioToolLibrary", "..\scioToolLibrary\scioToolLibrary.csproj", "{2F345668-0201-4BD5-AE30-97A0742E6D3F}"
EndProject
Project("{FAE04EC0-301F-11D3-BF4B-00C04F79EFBC}") = "sgmpro", "sgmpro.csproj", "{2D8306B3-9299-4D45-9E90-2C2DF4F39A4C}"
EndProject
Project("{FAE04EC0-301F-11D3-BF4B-00C04F79EFBC}") = "cuAbmConvenio", "..\cuAbmConvenio\cuAbmConvenio.csproj", "{38971C02-215A-4AE3-AD4C-A313474F8365}"
EndProject
Project("{FAE04EC0-301F-11D3-BF4B-00C04F79EFBC}") = "cuAbmCuenta", "..\cuAbmCuenta\cuAbmCuenta.csproj", "{45AF5D74-F43A-4275-927A-62E8C5EC72D3}"
EndProject
Project("{FAE04EC0-301F-11D3-BF4B-00C04F79EFBC}") = "cuAbmDeuda", "..\cuAbmDeuda\cuAbmDeuda.csproj", "{B446B720-1758-4EDB-8288-EADFA89DF976}"
EndProject
Project("{FAE04EC0-301F-11D3-BF4B-00C04F79EFBC}") = "cuAbmPago", "..\cuAbmPago\cuAbmPago.csproj", "{EAE65022-7B4D-4FF4-81FA-4D3A6C3EAACC}"
EndProject
Project("{FAE04EC0-301F-11D3-BF4B-00C04F79EFBC}") = "cuAbmParametro", "..\cuAbmParametro\cuAbmParametro.csproj", "{A0184FBC-B648-4869-AF43-2D809BBF2BCD}"
EndProject
Project("{FAE04EC0-301F-11D3-BF4B-00C04F79EFBC}") = "cuAbmPersona", "..\cuAbmPersona\cuAbmPersona.csproj", "{F35B5050-39BC-4796-91FE-9B2584C974EC}"
EndProject
Project("{FAE04EC0-301F-11D3-BF4B-00C04F79EFBC}") = "cuAbmPredicado", "..\cuAbmPredicado\cuAbmPredicado.csproj", "{7EABBDD3-EBC8-43C4-870C-D4F761F177EA}"
EndProject
Project("{FAE04EC0-301F-11D3-BF4B-00C04F79EFBC}") = "cuAbmProducto", "..\cuAbmProducto\cuAbmProducto.csproj", "{3FE2090B-3BCC-4215-B463-BF69A8BADC43}"
EndProject
Project("{FAE04EC0-301F-11D3-BF4B-00C04F79EFBC}") = "cuAbmRecibo", "..\cuAbmRecibo\cuAbmRecibo.csproj", "{62ADA017-03DE-40B8-BD2B-94546279EC9D}"
EndProject
Project("{FAE04EC0-301F-11D3-BF4B-00C04F79EFBC}") = "cuAbmRelacion", "..\cuAbmRelacion\cuAbmRelacion.csproj", "{3B28177B-6F70-4AEF-915B-908F5A4EB96E}"
EndProject
Project("{FAE04EC0-301F-11D3-BF4B-00C04F79EFBC}") = "cuAbmTipoConvenio", "..\cuAbmTipoConvenio\cuAbmTipoConvenio.csproj", "{4B736C20-154B-48E8-8555-52A07B0A7CBD}"
EndProject
Project("{FAE04EC0-301F-11D3-BF4B-00C04F79EFBC}") = "cuAbmTipoLista", "..\cuAbmTipoLista\cuAbmTipoLista.csproj", "{7A2A0D3E-D5F3-408C-A861-1D171F3B003C}"
EndProject
Project("{FAE04EC0-301F-11D3-BF4B-00C04F79EFBC}") = "cuAbmTramo", "..\cuAbmTramo\cuAbmTramo.csproj", "{CF60E57F-5E81-4963-88FD-4F0C0A686409}"
EndProject
Project("{FAE04EC0-301F-11D3-BF4B-00C04F79EFBC}") = "cuGenerarJobs", "..\cuGenerarJobs\cuGenerarJobs.csproj", "{E540F21A-CBF2-47C9-8A3A-BA0E7A71827A}"
EndProject
Project("{FAE04EC0-301F-11D3-BF4B-00C04F79EFBC}") = "cuListaGestion", "..\cuListaGestion\cuListaGestion.csproj", "{9FF6FAFA-D1F7-4A7F-A451-CB63BD1FB518}"
EndProject
Project("{FAE04EC0-301F-11D3-BF4B-00C04F79EFBC}") = "cuBandejaEntrada", "..\cuBandejaEntrada\cuBandejaEntrada.csproj", "{DC6308AE-B1E7-46A5-8F82-667E8EF497FC}"
EndProject
Project("{FAE04EC0-301F-11D3-BF4B-00C04F79EFBC}") = "cuAbmGestion", "..\cuAbmGestion\cuAbmGestion.csproj", "{3E635307-65A8-4A5E-A1D6-43500C570726}"
EndProject
Project("{FAE04EC0-301F-11D3-BF4B-00C04F79EFBC}") = "cuAbmVariable", "..\cuAbmVariable\cuAbmVariable.csproj", "{A264087B-D7D9-4F3D-8D52-A4B6A00916D4}"
EndProject
Project("{FAE04EC0-301F-11D3-BF4B-00C04F79EFBC}") = "cuConfigurarListas", "..\cuConfigurarLista\cuConfigurarListas.csproj", "{47D377A7-FB32-4CA5-A2D1-8853771C2948}"
EndProject
Project("{FAE04EC0-301F-11D3-BF4B-00C04F79EFBC}") = "cuGestionar", "..\cuGestionar\cuGestionar.csproj", "{EDD2DB4F-B1C4-4A3D-B4C3-599B4BDDB7D5}"
EndProject
Project("{FAE04EC0-301F-11D3-BF4B-00C04F79EFBC}") = "cuSeleccionarCuenta", "..\cuSeleccionarCuenta\cuSeleccionarCuenta.csproj", "{04CA774E-ECDB-419E-95C7-F80701AE85C4}"
EndProject
Global
	GlobalSection(SolutionConfigurationPlatforms) = preSolution
		Debug|Any CPU = Debug|Any CPU
		Debug|x64 = Debug|x64
		Debug|x86 = Debug|x86
		Release|Any CPU = Release|Any CPU
		Release|x64 = Release|x64
		Release|x86 = Release|x86
	EndGlobalSection
	GlobalSection(ProjectConfigurationPlatforms) = postSolution
		{A68EA023-3464-492E-BEF4-95C15CD5D2B7}.Debug|Any CPU.ActiveCfg = Debug|Any CPU
		{A68EA023-3464-492E-BEF4-95C15CD5D2B7}.Debug|Any CPU.Build.0 = Debug|Any CPU
		{A68EA023-3464-492E-BEF4-95C15CD5D2B7}.Debug|x64.ActiveCfg = Debug|x86
		{A68EA023-3464-492E-BEF4-95C15CD5D2B7}.Debug|x86.ActiveCfg = Debug|x86
		{A68EA023-3464-492E-BEF4-95C15CD5D2B7}.Debug|x86.Build.0 = Debug|x86
		{A68EA023-3464-492E-BEF4-95C15CD5D2B7}.Release|Any CPU.ActiveCfg = Release|Any CPU
		{A68EA023-3464-492E-BEF4-95C15CD5D2B7}.Release|Any CPU.Build.0 = Release|Any CPU
		{A68EA023-3464-492E-BEF4-95C15CD5D2B7}.Release|x64.ActiveCfg = Release|x86
		{A68EA023-3464-492E-BEF4-95C15CD5D2B7}.Release|x86.ActiveCfg = Release|x86
		{A68EA023-3464-492E-BEF4-95C15CD5D2B7}.Release|x86.Build.0 = Release|x86
		{A1532754-3BF9-4DEB-A8DC-725269438C5C}.Debug|Any CPU.ActiveCfg = Debug|Any CPU
		{A1532754-3BF9-4DEB-A8DC-725269438C5C}.Debug|Any CPU.Build.0 = Debug|Any CPU
		{A1532754-3BF9-4DEB-A8DC-725269438C5C}.Debug|x64.ActiveCfg = Debug|x86
		{A1532754-3BF9-4DEB-A8DC-725269438C5C}.Debug|x86.ActiveCfg = Debug|x86
		{A1532754-3BF9-4DEB-A8DC-725269438C5C}.Debug|x86.Build.0 = Debug|x86
		{A1532754-3BF9-4DEB-A8DC-725269438C5C}.Release|Any CPU.ActiveCfg = Release|Any CPU
		{A1532754-3BF9-4DEB-A8DC-725269438C5C}.Release|Any CPU.Build.0 = Release|Any CPU
		{A1532754-3BF9-4DEB-A8DC-725269438C5C}.Release|x64.ActiveCfg = Release|x86
		{A1532754-3BF9-4DEB-A8DC-725269438C5C}.Release|x86.ActiveCfg = Release|x86
		{A1532754-3BF9-4DEB-A8DC-725269438C5C}.Release|x86.Build.0 = Release|x86
		{24304A9F-69A4-4E8F-BE2B-8759727FD29F}.Debug|Any CPU.ActiveCfg = Debug|Any CPU
		{24304A9F-69A4-4E8F-BE2B-8759727FD29F}.Debug|Any CPU.Build.0 = Debug|Any CPU
		{24304A9F-69A4-4E8F-BE2B-8759727FD29F}.Debug|x64.ActiveCfg = Debug|x86
		{24304A9F-69A4-4E8F-BE2B-8759727FD29F}.Debug|x86.ActiveCfg = Debug|x86
		{24304A9F-69A4-4E8F-BE2B-8759727FD29F}.Debug|x86.Build.0 = Debug|x86
		{24304A9F-69A4-4E8F-BE2B-8759727FD29F}.Release|Any CPU.ActiveCfg = Release|Any CPU
		{24304A9F-69A4-4E8F-BE2B-8759727FD29F}.Release|Any CPU.Build.0 = Release|Any CPU
		{24304A9F-69A4-4E8F-BE2B-8759727FD29F}.Release|x64.ActiveCfg = Release|x86
		{24304A9F-69A4-4E8F-BE2B-8759727FD29F}.Release|x86.ActiveCfg = Release|x86
		{24304A9F-69A4-4E8F-BE2B-8759727FD29F}.Release|x86.Build.0 = Release|x86
		{FEC4C746-F212-4A91-BB02-2FED8F384825}.Debug|Any CPU.ActiveCfg = Debug|Any CPU
		{FEC4C746-F212-4A91-BB02-2FED8F384825}.Debug|Any CPU.Build.0 = Debug|Any CPU
		{FEC4C746-F212-4A91-BB02-2FED8F384825}.Debug|x64.ActiveCfg = Debug|x86
		{FEC4C746-F212-4A91-BB02-2FED8F384825}.Debug|x64.Build.0 = Debug|x86
		{FEC4C746-F212-4A91-BB02-2FED8F384825}.Debug|x86.ActiveCfg = Debug|x86
		{FEC4C746-F212-4A91-BB02-2FED8F384825}.Debug|x86.Build.0 = Debug|x86
		{FEC4C746-F212-4A91-BB02-2FED8F384825}.Release|Any CPU.ActiveCfg = Release|Any CPU
		{FEC4C746-F212-4A91-BB02-2FED8F384825}.Release|Any CPU.Build.0 = Release|Any CPU
		{FEC4C746-F212-4A91-BB02-2FED8F384825}.Release|x64.ActiveCfg = Release|x64
		{FEC4C746-F212-4A91-BB02-2FED8F384825}.Release|x64.Build.0 = Release|x64
		{FEC4C746-F212-4A91-BB02-2FED8F384825}.Release|x86.ActiveCfg = Release|x86
		{FEC4C746-F212-4A91-BB02-2FED8F384825}.Release|x86.Build.0 = Release|x86
		{B7850306-4B1E-4CB6-8348-0AD2D9DF250D}.Debug|Any CPU.ActiveCfg = Debug|Any CPU
		{B7850306-4B1E-4CB6-8348-0AD2D9DF250D}.Debug|Any CPU.Build.0 = Debug|Any CPU
		{B7850306-4B1E-4CB6-8348-0AD2D9DF250D}.Debug|x64.ActiveCfg = Debug|Any CPU
		{B7850306-4B1E-4CB6-8348-0AD2D9DF250D}.Debug|x86.ActiveCfg = Debug|x86
		{B7850306-4B1E-4CB6-8348-0AD2D9DF250D}.Debug|x86.Build.0 = Debug|x86
		{B7850306-4B1E-4CB6-8348-0AD2D9DF250D}.Release|Any CPU.ActiveCfg = Release|Any CPU
		{B7850306-4B1E-4CB6-8348-0AD2D9DF250D}.Release|Any CPU.Build.0 = Release|Any CPU
		{B7850306-4B1E-4CB6-8348-0AD2D9DF250D}.Release|x64.ActiveCfg = Release|Any CPU
		{B7850306-4B1E-4CB6-8348-0AD2D9DF250D}.Release|x86.ActiveCfg = Release|x86
		{B7850306-4B1E-4CB6-8348-0AD2D9DF250D}.Release|x86.Build.0 = Release|x86
		{AD2461E2-4B9D-4FDE-A137-E09106E69C0A}.Debug|Any CPU.ActiveCfg = Debug|Any CPU
		{AD2461E2-4B9D-4FDE-A137-E09106E69C0A}.Debug|Any CPU.Build.0 = Debug|Any CPU
		{AD2461E2-4B9D-4FDE-A137-E09106E69C0A}.Debug|x64.ActiveCfg = Debug|x86
		{AD2461E2-4B9D-4FDE-A137-E09106E69C0A}.Debug|x86.ActiveCfg = Debug|x86
		{AD2461E2-4B9D-4FDE-A137-E09106E69C0A}.Debug|x86.Build.0 = Debug|x86
		{AD2461E2-4B9D-4FDE-A137-E09106E69C0A}.Release|Any CPU.ActiveCfg = Release|Any CPU
		{AD2461E2-4B9D-4FDE-A137-E09106E69C0A}.Release|Any CPU.Build.0 = Release|Any CPU
		{AD2461E2-4B9D-4FDE-A137-E09106E69C0A}.Release|x64.ActiveCfg = Release|x86
		{AD2461E2-4B9D-4FDE-A137-E09106E69C0A}.Release|x86.ActiveCfg = Release|x86
		{AD2461E2-4B9D-4FDE-A137-E09106E69C0A}.Release|x86.Build.0 = Release|x86
		{4134C84B-6CB8-4C1A-8124-15E0C6E3B910}.Debug|Any CPU.ActiveCfg = Debug|Any CPU
		{4134C84B-6CB8-4C1A-8124-15E0C6E3B910}.Debug|Any CPU.Build.0 = Debug|Any CPU
		{4134C84B-6CB8-4C1A-8124-15E0C6E3B910}.Debug|x64.ActiveCfg = Debug|x86
		{4134C84B-6CB8-4C1A-8124-15E0C6E3B910}.Debug|x86.ActiveCfg = Debug|x86
		{4134C84B-6CB8-4C1A-8124-15E0C6E3B910}.Debug|x86.Build.0 = Debug|x86
		{4134C84B-6CB8-4C1A-8124-15E0C6E3B910}.Release|Any CPU.ActiveCfg = Release|Any CPU
		{4134C84B-6CB8-4C1A-8124-15E0C6E3B910}.Release|Any CPU.Build.0 = Release|Any CPU
		{4134C84B-6CB8-4C1A-8124-15E0C6E3B910}.Release|x64.ActiveCfg = Release|x86
		{4134C84B-6CB8-4C1A-8124-15E0C6E3B910}.Release|x86.ActiveCfg = Release|x86
		{4134C84B-6CB8-4C1A-8124-15E0C6E3B910}.Release|x86.Build.0 = Release|x86
		{00A6BEE2-3FBF-49E9-A9FC-332A1232D329}.Debug|Any CPU.ActiveCfg = Debug|Any CPU
		{00A6BEE2-3FBF-49E9-A9FC-332A1232D329}.Debug|Any CPU.Build.0 = Debug|Any CPU
		{00A6BEE2-3FBF-49E9-A9FC-332A1232D329}.Debug|x64.ActiveCfg = Debug|x86
		{00A6BEE2-3FBF-49E9-A9FC-332A1232D329}.Debug|x86.ActiveCfg = Debug|x86
		{00A6BEE2-3FBF-49E9-A9FC-332A1232D329}.Debug|x86.Build.0 = Debug|x86
		{00A6BEE2-3FBF-49E9-A9FC-332A1232D329}.Release|Any CPU.ActiveCfg = Release|Any CPU
		{00A6BEE2-3FBF-49E9-A9FC-332A1232D329}.Release|Any CPU.Build.0 = Release|Any CPU
		{00A6BEE2-3FBF-49E9-A9FC-332A1232D329}.Release|x64.ActiveCfg = Release|x86
		{00A6BEE2-3FBF-49E9-A9FC-332A1232D329}.Release|x86.ActiveCfg = Release|x86
		{00A6BEE2-3FBF-49E9-A9FC-332A1232D329}.Release|x86.Build.0 = Release|x86
		{276F7642-479F-4A8F-82DA-0FF8740FE3CC}.Debug|Any CPU.ActiveCfg = Debug|Any CPU
		{276F7642-479F-4A8F-82DA-0FF8740FE3CC}.Debug|Any CPU.Build.0 = Debug|Any CPU
		{276F7642-479F-4A8F-82DA-0FF8740FE3CC}.Debug|x64.ActiveCfg = Debug|x86
		{276F7642-479F-4A8F-82DA-0FF8740FE3CC}.Debug|x86.ActiveCfg = Debug|x86
		{276F7642-479F-4A8F-82DA-0FF8740FE3CC}.Debug|x86.Build.0 = Debug|x86
		{276F7642-479F-4A8F-82DA-0FF8740FE3CC}.Release|Any CPU.ActiveCfg = Release|Any CPU
		{276F7642-479F-4A8F-82DA-0FF8740FE3CC}.Release|Any CPU.Build.0 = Release|Any CPU
		{276F7642-479F-4A8F-82DA-0FF8740FE3CC}.Release|x64.ActiveCfg = Release|x86
		{276F7642-479F-4A8F-82DA-0FF8740FE3CC}.Release|x86.ActiveCfg = Release|x86
		{276F7642-479F-4A8F-82DA-0FF8740FE3CC}.Release|x86.Build.0 = Release|x86
		{C59F2E0D-CB6B-4515-AF5A-ED0E68C1A4BD}.Debug|Any CPU.ActiveCfg = Debug|Any CPU
		{C59F2E0D-CB6B-4515-AF5A-ED0E68C1A4BD}.Debug|Any CPU.Build.0 = Debug|Any CPU
		{C59F2E0D-CB6B-4515-AF5A-ED0E68C1A4BD}.Debug|x64.ActiveCfg = Debug|Any CPU
		{C59F2E0D-CB6B-4515-AF5A-ED0E68C1A4BD}.Debug|x86.ActiveCfg = Debug|x86
		{C59F2E0D-CB6B-4515-AF5A-ED0E68C1A4BD}.Debug|x86.Build.0 = Debug|x86
		{C59F2E0D-CB6B-4515-AF5A-ED0E68C1A4BD}.Release|Any CPU.ActiveCfg = Release|Any CPU
		{C59F2E0D-CB6B-4515-AF5A-ED0E68C1A4BD}.Release|Any CPU.Build.0 = Release|Any CPU
		{C59F2E0D-CB6B-4515-AF5A-ED0E68C1A4BD}.Release|x64.ActiveCfg = Release|Any CPU
		{C59F2E0D-CB6B-4515-AF5A-ED0E68C1A4BD}.Release|x86.ActiveCfg = Release|x86
		{C59F2E0D-CB6B-4515-AF5A-ED0E68C1A4BD}.Release|x86.Build.0 = Release|x86
		{630CB75E-CC26-4C48-BD06-A804E9C5C9D6}.Debug|Any CPU.ActiveCfg = Debug|Any CPU
		{630CB75E-CC26-4C48-BD06-A804E9C5C9D6}.Debug|Any CPU.Build.0 = Debug|Any CPU
		{630CB75E-CC26-4C48-BD06-A804E9C5C9D6}.Debug|x64.ActiveCfg = Debug|x86
		{630CB75E-CC26-4C48-BD06-A804E9C5C9D6}.Debug|x86.ActiveCfg = Debug|x86
		{630CB75E-CC26-4C48-BD06-A804E9C5C9D6}.Debug|x86.Build.0 = Debug|x86
		{630CB75E-CC26-4C48-BD06-A804E9C5C9D6}.Release|Any CPU.ActiveCfg = Release|Any CPU
		{630CB75E-CC26-4C48-BD06-A804E9C5C9D6}.Release|Any CPU.Build.0 = Release|Any CPU
		{630CB75E-CC26-4C48-BD06-A804E9C5C9D6}.Release|x64.ActiveCfg = Release|x86
		{630CB75E-CC26-4C48-BD06-A804E9C5C9D6}.Release|x86.ActiveCfg = Release|x86
		{630CB75E-CC26-4C48-BD06-A804E9C5C9D6}.Release|x86.Build.0 = Release|x86
		{DFE41A83-00E6-446D-BCFD-2C9BF38CB5AC}.Debug|Any CPU.ActiveCfg = Debug|Any CPU
		{DFE41A83-00E6-446D-BCFD-2C9BF38CB5AC}.Debug|Any CPU.Build.0 = Debug|Any CPU
		{DFE41A83-00E6-446D-BCFD-2C9BF38CB5AC}.Debug|x64.ActiveCfg = Debug|x86
		{DFE41A83-00E6-446D-BCFD-2C9BF38CB5AC}.Debug|x86.ActiveCfg = Debug|x86
		{DFE41A83-00E6-446D-BCFD-2C9BF38CB5AC}.Debug|x86.Build.0 = Debug|x86
		{DFE41A83-00E6-446D-BCFD-2C9BF38CB5AC}.Release|Any CPU.ActiveCfg = Release|Any CPU
		{DFE41A83-00E6-446D-BCFD-2C9BF38CB5AC}.Release|Any CPU.Build.0 = Release|Any CPU
		{DFE41A83-00E6-446D-BCFD-2C9BF38CB5AC}.Release|x64.ActiveCfg = Release|x86
		{DFE41A83-00E6-446D-BCFD-2C9BF38CB5AC}.Release|x86.ActiveCfg = Release|x86
		{DFE41A83-00E6-446D-BCFD-2C9BF38CB5AC}.Release|x86.Build.0 = Release|x86
		{366A3893-8FAA-4DFE-B761-308AB082A5C1}.Debug|Any CPU.ActiveCfg = Debug|Any CPU
		{366A3893-8FAA-4DFE-B761-308AB082A5C1}.Debug|Any CPU.Build.0 = Debug|Any CPU
		{366A3893-8FAA-4DFE-B761-308AB082A5C1}.Debug|x64.ActiveCfg = Debug|x86
		{366A3893-8FAA-4DFE-B761-308AB082A5C1}.Debug|x86.ActiveCfg = Debug|x86
		{366A3893-8FAA-4DFE-B761-308AB082A5C1}.Debug|x86.Build.0 = Debug|x86
		{366A3893-8FAA-4DFE-B761-308AB082A5C1}.Release|Any CPU.ActiveCfg = Release|Any CPU
		{366A3893-8FAA-4DFE-B761-308AB082A5C1}.Release|Any CPU.Build.0 = Release|Any CPU
		{366A3893-8FAA-4DFE-B761-308AB082A5C1}.Release|x64.ActiveCfg = Release|x86
		{366A3893-8FAA-4DFE-B761-308AB082A5C1}.Release|x86.ActiveCfg = Release|x86
		{366A3893-8FAA-4DFE-B761-308AB082A5C1}.Release|x86.Build.0 = Release|x86
		{59868B40-E020-4670-A050-0416612DC0F4}.Debug|Any CPU.ActiveCfg = Debug|Any CPU
		{59868B40-E020-4670-A050-0416612DC0F4}.Debug|Any CPU.Build.0 = Debug|Any CPU
		{59868B40-E020-4670-A050-0416612DC0F4}.Debug|x64.ActiveCfg = Debug|x86
		{59868B40-E020-4670-A050-0416612DC0F4}.Debug|x86.ActiveCfg = Debug|x86
		{59868B40-E020-4670-A050-0416612DC0F4}.Debug|x86.Build.0 = Debug|x86
		{59868B40-E020-4670-A050-0416612DC0F4}.Release|Any CPU.ActiveCfg = Release|Any CPU
		{59868B40-E020-4670-A050-0416612DC0F4}.Release|Any CPU.Build.0 = Release|Any CPU
		{59868B40-E020-4670-A050-0416612DC0F4}.Release|x64.ActiveCfg = Release|x86
		{59868B40-E020-4670-A050-0416612DC0F4}.Release|x86.ActiveCfg = Release|x86
		{59868B40-E020-4670-A050-0416612DC0F4}.Release|x86.Build.0 = Release|x86
		{46E3A4FB-5312-4F65-B9D7-843746675EBD}.Debug|Any CPU.ActiveCfg = Debug|Any CPU
		{46E3A4FB-5312-4F65-B9D7-843746675EBD}.Debug|Any CPU.Build.0 = Debug|Any CPU
		{46E3A4FB-5312-4F65-B9D7-843746675EBD}.Debug|x64.ActiveCfg = Debug|x86
		{46E3A4FB-5312-4F65-B9D7-843746675EBD}.Debug|x86.ActiveCfg = Debug|x86
		{46E3A4FB-5312-4F65-B9D7-843746675EBD}.Debug|x86.Build.0 = Debug|x86
		{46E3A4FB-5312-4F65-B9D7-843746675EBD}.Release|Any CPU.ActiveCfg = Release|Any CPU
		{46E3A4FB-5312-4F65-B9D7-843746675EBD}.Release|Any CPU.Build.0 = Release|Any CPU
		{46E3A4FB-5312-4F65-B9D7-843746675EBD}.Release|x64.ActiveCfg = Release|x86
		{46E3A4FB-5312-4F65-B9D7-843746675EBD}.Release|x86.ActiveCfg = Release|x86
		{46E3A4FB-5312-4F65-B9D7-843746675EBD}.Release|x86.Build.0 = Release|x86
		{7E75D0C5-513D-4FEF-BD22-1FBD9E7E3441}.Debug|Any CPU.ActiveCfg = Debug|Any CPU
		{7E75D0C5-513D-4FEF-BD22-1FBD9E7E3441}.Debug|Any CPU.Build.0 = Debug|Any CPU
		{7E75D0C5-513D-4FEF-BD22-1FBD9E7E3441}.Debug|x64.ActiveCfg = Debug|x86
		{7E75D0C5-513D-4FEF-BD22-1FBD9E7E3441}.Debug|x86.ActiveCfg = Debug|x86
		{7E75D0C5-513D-4FEF-BD22-1FBD9E7E3441}.Debug|x86.Build.0 = Debug|x86
		{7E75D0C5-513D-4FEF-BD22-1FBD9E7E3441}.Release|Any CPU.ActiveCfg = Release|Any CPU
		{7E75D0C5-513D-4FEF-BD22-1FBD9E7E3441}.Release|Any CPU.Build.0 = Release|Any CPU
		{7E75D0C5-513D-4FEF-BD22-1FBD9E7E3441}.Release|x64.ActiveCfg = Release|x86
		{7E75D0C5-513D-4FEF-BD22-1FBD9E7E3441}.Release|x86.ActiveCfg = Release|x86
		{7E75D0C5-513D-4FEF-BD22-1FBD9E7E3441}.Release|x86.Build.0 = Release|x86
		{E39A9314-1294-4F23-AF05-4F7E34388940}.Debug|Any CPU.ActiveCfg = Debug|Any CPU
		{E39A9314-1294-4F23-AF05-4F7E34388940}.Debug|Any CPU.Build.0 = Debug|Any CPU
		{E39A9314-1294-4F23-AF05-4F7E34388940}.Debug|x64.ActiveCfg = Debug|x86
		{E39A9314-1294-4F23-AF05-4F7E34388940}.Debug|x86.ActiveCfg = Debug|x86
		{E39A9314-1294-4F23-AF05-4F7E34388940}.Debug|x86.Build.0 = Debug|x86
		{E39A9314-1294-4F23-AF05-4F7E34388940}.Release|Any CPU.ActiveCfg = Release|Any CPU
		{E39A9314-1294-4F23-AF05-4F7E34388940}.Release|Any CPU.Build.0 = Release|Any CPU
		{E39A9314-1294-4F23-AF05-4F7E34388940}.Release|x64.ActiveCfg = Release|x86
		{E39A9314-1294-4F23-AF05-4F7E34388940}.Release|x86.ActiveCfg = Release|x86
		{E39A9314-1294-4F23-AF05-4F7E34388940}.Release|x86.Build.0 = Release|x86
		{1AEAFA5B-198F-4EA9-9BB6-E3F68F5DF0A2}.Debug|Any CPU.ActiveCfg = Debug|Any CPU
		{1AEAFA5B-198F-4EA9-9BB6-E3F68F5DF0A2}.Debug|Any CPU.Build.0 = Debug|Any CPU
		{1AEAFA5B-198F-4EA9-9BB6-E3F68F5DF0A2}.Debug|x64.ActiveCfg = Debug|x86
		{1AEAFA5B-198F-4EA9-9BB6-E3F68F5DF0A2}.Debug|x86.ActiveCfg = Debug|x86
		{1AEAFA5B-198F-4EA9-9BB6-E3F68F5DF0A2}.Debug|x86.Build.0 = Debug|x86
		{1AEAFA5B-198F-4EA9-9BB6-E3F68F5DF0A2}.Release|Any CPU.ActiveCfg = Release|Any CPU
		{1AEAFA5B-198F-4EA9-9BB6-E3F68F5DF0A2}.Release|Any CPU.Build.0 = Release|Any CPU
		{1AEAFA5B-198F-4EA9-9BB6-E3F68F5DF0A2}.Release|x64.ActiveCfg = Release|x86
		{1AEAFA5B-198F-4EA9-9BB6-E3F68F5DF0A2}.Release|x86.ActiveCfg = Release|x86
		{1AEAFA5B-198F-4EA9-9BB6-E3F68F5DF0A2}.Release|x86.Build.0 = Release|x86
		{29546862-CA49-4A1D-9DD5-6513536D6C80}.Debug|Any CPU.ActiveCfg = Debug|Any CPU
		{29546862-CA49-4A1D-9DD5-6513536D6C80}.Debug|Any CPU.Build.0 = Debug|Any CPU
		{29546862-CA49-4A1D-9DD5-6513536D6C80}.Debug|x64.ActiveCfg = Debug|Any CPU
		{29546862-CA49-4A1D-9DD5-6513536D6C80}.Debug|x86.ActiveCfg = Debug|x86
		{29546862-CA49-4A1D-9DD5-6513536D6C80}.Debug|x86.Build.0 = Debug|x86
		{29546862-CA49-4A1D-9DD5-6513536D6C80}.Release|Any CPU.ActiveCfg = Release|Any CPU
		{29546862-CA49-4A1D-9DD5-6513536D6C80}.Release|Any CPU.Build.0 = Release|Any CPU
		{29546862-CA49-4A1D-9DD5-6513536D6C80}.Release|x64.ActiveCfg = Release|Any CPU
		{29546862-CA49-4A1D-9DD5-6513536D6C80}.Release|x86.ActiveCfg = Release|x86
		{29546862-CA49-4A1D-9DD5-6513536D6C80}.Release|x86.Build.0 = Release|x86
		{2F345668-0201-4BD5-AE30-97A0742E6D3F}.Debug|Any CPU.ActiveCfg = Debug|Any CPU
		{2F345668-0201-4BD5-AE30-97A0742E6D3F}.Debug|Any CPU.Build.0 = Debug|Any CPU
		{2F345668-0201-4BD5-AE30-97A0742E6D3F}.Debug|x64.ActiveCfg = Debug|x86
		{2F345668-0201-4BD5-AE30-97A0742E6D3F}.Debug|x86.ActiveCfg = Debug|x86
		{2F345668-0201-4BD5-AE30-97A0742E6D3F}.Debug|x86.Build.0 = Debug|x86
		{2F345668-0201-4BD5-AE30-97A0742E6D3F}.Release|Any CPU.ActiveCfg = Release|Any CPU
		{2F345668-0201-4BD5-AE30-97A0742E6D3F}.Release|Any CPU.Build.0 = Release|Any CPU
		{2F345668-0201-4BD5-AE30-97A0742E6D3F}.Release|x64.ActiveCfg = Release|x86
		{2F345668-0201-4BD5-AE30-97A0742E6D3F}.Release|x86.ActiveCfg = Release|x86
		{2F345668-0201-4BD5-AE30-97A0742E6D3F}.Release|x86.Build.0 = Release|x86
		{2D8306B3-9299-4D45-9E90-2C2DF4F39A4C}.Debug|Any CPU.ActiveCfg = Debug|Any CPU
		{2D8306B3-9299-4D45-9E90-2C2DF4F39A4C}.Debug|Any CPU.Build.0 = Debug|Any CPU
		{2D8306B3-9299-4D45-9E90-2C2DF4F39A4C}.Debug|x64.ActiveCfg = Debug|x86
		{2D8306B3-9299-4D45-9E90-2C2DF4F39A4C}.Debug|x86.ActiveCfg = Debug|x86
		{2D8306B3-9299-4D45-9E90-2C2DF4F39A4C}.Debug|x86.Build.0 = Debug|x86
		{2D8306B3-9299-4D45-9E90-2C2DF4F39A4C}.Release|Any CPU.ActiveCfg = Release|Any CPU
		{2D8306B3-9299-4D45-9E90-2C2DF4F39A4C}.Release|Any CPU.Build.0 = Release|Any CPU
		{2D8306B3-9299-4D45-9E90-2C2DF4F39A4C}.Release|x64.ActiveCfg = Release|x86
		{2D8306B3-9299-4D45-9E90-2C2DF4F39A4C}.Release|x86.ActiveCfg = Release|x86
		{2D8306B3-9299-4D45-9E90-2C2DF4F39A4C}.Release|x86.Build.0 = Release|x86
		{38971C02-215A-4AE3-AD4C-A313474F8365}.Debug|Any CPU.ActiveCfg = Debug|Any CPU
		{38971C02-215A-4AE3-AD4C-A313474F8365}.Debug|Any CPU.Build.0 = Debug|Any CPU
		{38971C02-215A-4AE3-AD4C-A313474F8365}.Debug|x64.ActiveCfg = Debug|x86
		{38971C02-215A-4AE3-AD4C-A313474F8365}.Debug|x86.ActiveCfg = Debug|x86
		{38971C02-215A-4AE3-AD4C-A313474F8365}.Debug|x86.Build.0 = Debug|x86
		{38971C02-215A-4AE3-AD4C-A313474F8365}.Release|Any CPU.ActiveCfg = Release|Any CPU
		{38971C02-215A-4AE3-AD4C-A313474F8365}.Release|Any CPU.Build.0 = Release|Any CPU
		{38971C02-215A-4AE3-AD4C-A313474F8365}.Release|x64.ActiveCfg = Release|x86
		{38971C02-215A-4AE3-AD4C-A313474F8365}.Release|x86.ActiveCfg = Release|x86
		{38971C02-215A-4AE3-AD4C-A313474F8365}.Release|x86.Build.0 = Release|x86
		{45AF5D74-F43A-4275-927A-62E8C5EC72D3}.Debug|Any CPU.ActiveCfg = Debug|Any CPU
		{45AF5D74-F43A-4275-927A-62E8C5EC72D3}.Debug|Any CPU.Build.0 = Debug|Any CPU
		{45AF5D74-F43A-4275-927A-62E8C5EC72D3}.Debug|x64.ActiveCfg = Debug|x86
		{45AF5D74-F43A-4275-927A-62E8C5EC72D3}.Debug|x86.ActiveCfg = Debug|x86
		{45AF5D74-F43A-4275-927A-62E8C5EC72D3}.Debug|x86.Build.0 = Debug|x86
		{45AF5D74-F43A-4275-927A-62E8C5EC72D3}.Release|Any CPU.ActiveCfg = Release|Any CPU
		{45AF5D74-F43A-4275-927A-62E8C5EC72D3}.Release|Any CPU.Build.0 = Release|Any CPU
		{45AF5D74-F43A-4275-927A-62E8C5EC72D3}.Release|x64.ActiveCfg = Release|x86
		{45AF5D74-F43A-4275-927A-62E8C5EC72D3}.Release|x86.ActiveCfg = Release|x86
		{45AF5D74-F43A-4275-927A-62E8C5EC72D3}.Release|x86.Build.0 = Release|x86
		{B446B720-1758-4EDB-8288-EADFA89DF976}.Debug|Any CPU.ActiveCfg = Debug|Any CPU
		{B446B720-1758-4EDB-8288-EADFA89DF976}.Debug|Any CPU.Build.0 = Debug|Any CPU
		{B446B720-1758-4EDB-8288-EADFA89DF976}.Debug|x64.ActiveCfg = Debug|x86
		{B446B720-1758-4EDB-8288-EADFA89DF976}.Debug|x86.ActiveCfg = Debug|x86
		{B446B720-1758-4EDB-8288-EADFA89DF976}.Debug|x86.Build.0 = Debug|x86
		{B446B720-1758-4EDB-8288-EADFA89DF976}.Release|Any CPU.ActiveCfg = Release|Any CPU
		{B446B720-1758-4EDB-8288-EADFA89DF976}.Release|Any CPU.Build.0 = Release|Any CPU
		{B446B720-1758-4EDB-8288-EADFA89DF976}.Release|x64.ActiveCfg = Release|x86
		{B446B720-1758-4EDB-8288-EADFA89DF976}.Release|x86.ActiveCfg = Release|x86
		{B446B720-1758-4EDB-8288-EADFA89DF976}.Release|x86.Build.0 = Release|x86
		{EAE65022-7B4D-4FF4-81FA-4D3A6C3EAACC}.Debug|Any CPU.ActiveCfg = Debug|Any CPU
		{EAE65022-7B4D-4FF4-81FA-4D3A6C3EAACC}.Debug|Any CPU.Build.0 = Debug|Any CPU
		{EAE65022-7B4D-4FF4-81FA-4D3A6C3EAACC}.Debug|x64.ActiveCfg = Debug|x86
		{EAE65022-7B4D-4FF4-81FA-4D3A6C3EAACC}.Debug|x86.ActiveCfg = Debug|x86
		{EAE65022-7B4D-4FF4-81FA-4D3A6C3EAACC}.Debug|x86.Build.0 = Debug|x86
		{EAE65022-7B4D-4FF4-81FA-4D3A6C3EAACC}.Release|Any CPU.ActiveCfg = Release|Any CPU
		{EAE65022-7B4D-4FF4-81FA-4D3A6C3EAACC}.Release|Any CPU.Build.0 = Release|Any CPU
		{EAE65022-7B4D-4FF4-81FA-4D3A6C3EAACC}.Release|x64.ActiveCfg = Release|x86
		{EAE65022-7B4D-4FF4-81FA-4D3A6C3EAACC}.Release|x86.ActiveCfg = Release|x86
		{EAE65022-7B4D-4FF4-81FA-4D3A6C3EAACC}.Release|x86.Build.0 = Release|x86
		{A0184FBC-B648-4869-AF43-2D809BBF2BCD}.Debug|Any CPU.ActiveCfg = Debug|Any CPU
		{A0184FBC-B648-4869-AF43-2D809BBF2BCD}.Debug|Any CPU.Build.0 = Debug|Any CPU
		{A0184FBC-B648-4869-AF43-2D809BBF2BCD}.Debug|x64.ActiveCfg = Debug|x86
		{A0184FBC-B648-4869-AF43-2D809BBF2BCD}.Debug|x86.ActiveCfg = Debug|x86
		{A0184FBC-B648-4869-AF43-2D809BBF2BCD}.Debug|x86.Build.0 = Debug|x86
		{A0184FBC-B648-4869-AF43-2D809BBF2BCD}.Release|Any CPU.ActiveCfg = Release|Any CPU
		{A0184FBC-B648-4869-AF43-2D809BBF2BCD}.Release|Any CPU.Build.0 = Release|Any CPU
		{A0184FBC-B648-4869-AF43-2D809BBF2BCD}.Release|x64.ActiveCfg = Release|x86
		{A0184FBC-B648-4869-AF43-2D809BBF2BCD}.Release|x86.ActiveCfg = Release|x86
		{A0184FBC-B648-4869-AF43-2D809BBF2BCD}.Release|x86.Build.0 = Release|x86
		{F35B5050-39BC-4796-91FE-9B2584C974EC}.Debug|Any CPU.ActiveCfg = Debug|Any CPU
		{F35B5050-39BC-4796-91FE-9B2584C974EC}.Debug|Any CPU.Build.0 = Debug|Any CPU
		{F35B5050-39BC-4796-91FE-9B2584C974EC}.Debug|x64.ActiveCfg = Debug|x86
		{F35B5050-39BC-4796-91FE-9B2584C974EC}.Debug|x86.ActiveCfg = Debug|x86
		{F35B5050-39BC-4796-91FE-9B2584C974EC}.Debug|x86.Build.0 = Debug|x86
		{F35B5050-39BC-4796-91FE-9B2584C974EC}.Release|Any CPU.ActiveCfg = Release|Any CPU
		{F35B5050-39BC-4796-91FE-9B2584C974EC}.Release|Any CPU.Build.0 = Release|Any CPU
		{F35B5050-39BC-4796-91FE-9B2584C974EC}.Release|x64.ActiveCfg = Release|x86
		{F35B5050-39BC-4796-91FE-9B2584C974EC}.Release|x86.ActiveCfg = Release|x86
		{F35B5050-39BC-4796-91FE-9B2584C974EC}.Release|x86.Build.0 = Release|x86
		{7EABBDD3-EBC8-43C4-870C-D4F761F177EA}.Debug|Any CPU.ActiveCfg = Debug|Any CPU
		{7EABBDD3-EBC8-43C4-870C-D4F761F177EA}.Debug|Any CPU.Build.0 = Debug|Any CPU
		{7EABBDD3-EBC8-43C4-870C-D4F761F177EA}.Debug|x64.ActiveCfg = Debug|x86
		{7EABBDD3-EBC8-43C4-870C-D4F761F177EA}.Debug|x86.ActiveCfg = Debug|x86
		{7EABBDD3-EBC8-43C4-870C-D4F761F177EA}.Debug|x86.Build.0 = Debug|x86
		{7EABBDD3-EBC8-43C4-870C-D4F761F177EA}.Release|Any CPU.ActiveCfg = Release|Any CPU
		{7EABBDD3-EBC8-43C4-870C-D4F761F177EA}.Release|Any CPU.Build.0 = Release|Any CPU
		{7EABBDD3-EBC8-43C4-870C-D4F761F177EA}.Release|x64.ActiveCfg = Release|x86
		{7EABBDD3-EBC8-43C4-870C-D4F761F177EA}.Release|x86.ActiveCfg = Release|x86
		{7EABBDD3-EBC8-43C4-870C-D4F761F177EA}.Release|x86.Build.0 = Release|x86
		{3FE2090B-3BCC-4215-B463-BF69A8BADC43}.Debug|Any CPU.ActiveCfg = Debug|Any CPU
		{3FE2090B-3BCC-4215-B463-BF69A8BADC43}.Debug|Any CPU.Build.0 = Debug|Any CPU
		{3FE2090B-3BCC-4215-B463-BF69A8BADC43}.Debug|x64.ActiveCfg = Debug|x86
		{3FE2090B-3BCC-4215-B463-BF69A8BADC43}.Debug|x86.ActiveCfg = Debug|x86
		{3FE2090B-3BCC-4215-B463-BF69A8BADC43}.Debug|x86.Build.0 = Debug|x86
		{3FE2090B-3BCC-4215-B463-BF69A8BADC43}.Release|Any CPU.ActiveCfg = Release|Any CPU
		{3FE2090B-3BCC-4215-B463-BF69A8BADC43}.Release|Any CPU.Build.0 = Release|Any CPU
		{3FE2090B-3BCC-4215-B463-BF69A8BADC43}.Release|x64.ActiveCfg = Release|x86
		{3FE2090B-3BCC-4215-B463-BF69A8BADC43}.Release|x86.ActiveCfg = Release|x86
		{3FE2090B-3BCC-4215-B463-BF69A8BADC43}.Release|x86.Build.0 = Release|x86
		{62ADA017-03DE-40B8-BD2B-94546279EC9D}.Debug|Any CPU.ActiveCfg = Debug|Any CPU
		{62ADA017-03DE-40B8-BD2B-94546279EC9D}.Debug|Any CPU.Build.0 = Debug|Any CPU
		{62ADA017-03DE-40B8-BD2B-94546279EC9D}.Debug|x64.ActiveCfg = Debug|x86
		{62ADA017-03DE-40B8-BD2B-94546279EC9D}.Debug|x86.ActiveCfg = Debug|x86
		{62ADA017-03DE-40B8-BD2B-94546279EC9D}.Debug|x86.Build.0 = Debug|x86
		{62ADA017-03DE-40B8-BD2B-94546279EC9D}.Release|Any CPU.ActiveCfg = Release|Any CPU
		{62ADA017-03DE-40B8-BD2B-94546279EC9D}.Release|Any CPU.Build.0 = Release|Any CPU
		{62ADA017-03DE-40B8-BD2B-94546279EC9D}.Release|x64.ActiveCfg = Release|x86
		{62ADA017-03DE-40B8-BD2B-94546279EC9D}.Release|x86.ActiveCfg = Release|x86
		{62ADA017-03DE-40B8-BD2B-94546279EC9D}.Release|x86.Build.0 = Release|x86
		{3B28177B-6F70-4AEF-915B-908F5A4EB96E}.Debug|Any CPU.ActiveCfg = Debug|Any CPU
		{3B28177B-6F70-4AEF-915B-908F5A4EB96E}.Debug|Any CPU.Build.0 = Debug|Any CPU
		{3B28177B-6F70-4AEF-915B-908F5A4EB96E}.Debug|x64.ActiveCfg = Debug|x86
		{3B28177B-6F70-4AEF-915B-908F5A4EB96E}.Debug|x86.ActiveCfg = Debug|x86
		{3B28177B-6F70-4AEF-915B-908F5A4EB96E}.Debug|x86.Build.0 = Debug|x86
		{3B28177B-6F70-4AEF-915B-908F5A4EB96E}.Release|Any CPU.ActiveCfg = Release|Any CPU
		{3B28177B-6F70-4AEF-915B-908F5A4EB96E}.Release|Any CPU.Build.0 = Release|Any CPU
		{3B28177B-6F70-4AEF-915B-908F5A4EB96E}.Release|x64.ActiveCfg = Release|x86
		{3B28177B-6F70-4AEF-915B-908F5A4EB96E}.Release|x86.ActiveCfg = Release|x86
		{3B28177B-6F70-4AEF-915B-908F5A4EB96E}.Release|x86.Build.0 = Release|x86
		{4B736C20-154B-48E8-8555-52A07B0A7CBD}.Debug|Any CPU.ActiveCfg = Debug|Any CPU
		{4B736C20-154B-48E8-8555-52A07B0A7CBD}.Debug|Any CPU.Build.0 = Debug|Any CPU
		{4B736C20-154B-48E8-8555-52A07B0A7CBD}.Debug|x64.ActiveCfg = Debug|x86
		{4B736C20-154B-48E8-8555-52A07B0A7CBD}.Debug|x86.ActiveCfg = Debug|x86
		{4B736C20-154B-48E8-8555-52A07B0A7CBD}.Debug|x86.Build.0 = Debug|x86
		{4B736C20-154B-48E8-8555-52A07B0A7CBD}.Release|Any CPU.ActiveCfg = Release|Any CPU
		{4B736C20-154B-48E8-8555-52A07B0A7CBD}.Release|Any CPU.Build.0 = Release|Any CPU
		{4B736C20-154B-48E8-8555-52A07B0A7CBD}.Release|x64.ActiveCfg = Release|x86
		{4B736C20-154B-48E8-8555-52A07B0A7CBD}.Release|x86.ActiveCfg = Release|x86
		{4B736C20-154B-48E8-8555-52A07B0A7CBD}.Release|x86.Build.0 = Release|x86
		{7A2A0D3E-D5F3-408C-A861-1D171F3B003C}.Debug|Any CPU.ActiveCfg = Debug|Any CPU
		{7A2A0D3E-D5F3-408C-A861-1D171F3B003C}.Debug|Any CPU.Build.0 = Debug|Any CPU
		{7A2A0D3E-D5F3-408C-A861-1D171F3B003C}.Debug|x64.ActiveCfg = Debug|x86
		{7A2A0D3E-D5F3-408C-A861-1D171F3B003C}.Debug|x86.ActiveCfg = Debug|x86
		{7A2A0D3E-D5F3-408C-A861-1D171F3B003C}.Debug|x86.Build.0 = Debug|x86
		{7A2A0D3E-D5F3-408C-A861-1D171F3B003C}.Release|Any CPU.ActiveCfg = Release|Any CPU
		{7A2A0D3E-D5F3-408C-A861-1D171F3B003C}.Release|Any CPU.Build.0 = Release|Any CPU
		{7A2A0D3E-D5F3-408C-A861-1D171F3B003C}.Release|x64.ActiveCfg = Release|x86
		{7A2A0D3E-D5F3-408C-A861-1D171F3B003C}.Release|x86.ActiveCfg = Release|x86
		{7A2A0D3E-D5F3-408C-A861-1D171F3B003C}.Release|x86.Build.0 = Release|x86
		{CF60E57F-5E81-4963-88FD-4F0C0A686409}.Debug|Any CPU.ActiveCfg = Debug|Any CPU
		{CF60E57F-5E81-4963-88FD-4F0C0A686409}.Debug|Any CPU.Build.0 = Debug|Any CPU
		{CF60E57F-5E81-4963-88FD-4F0C0A686409}.Debug|x64.ActiveCfg = Debug|x86
		{CF60E57F-5E81-4963-88FD-4F0C0A686409}.Debug|x86.ActiveCfg = Debug|x86
		{CF60E57F-5E81-4963-88FD-4F0C0A686409}.Debug|x86.Build.0 = Debug|x86
		{CF60E57F-5E81-4963-88FD-4F0C0A686409}.Release|Any CPU.ActiveCfg = Release|Any CPU
		{CF60E57F-5E81-4963-88FD-4F0C0A686409}.Release|Any CPU.Build.0 = Release|Any CPU
		{CF60E57F-5E81-4963-88FD-4F0C0A686409}.Release|x64.ActiveCfg = Release|x86
		{CF60E57F-5E81-4963-88FD-4F0C0A686409}.Release|x86.ActiveCfg = Release|x86
		{CF60E57F-5E81-4963-88FD-4F0C0A686409}.Release|x86.Build.0 = Release|x86
		{E540F21A-CBF2-47C9-8A3A-BA0E7A71827A}.Debug|Any CPU.ActiveCfg = Debug|Any CPU
		{E540F21A-CBF2-47C9-8A3A-BA0E7A71827A}.Debug|Any CPU.Build.0 = Debug|Any CPU
		{E540F21A-CBF2-47C9-8A3A-BA0E7A71827A}.Debug|x64.ActiveCfg = Debug|x86
		{E540F21A-CBF2-47C9-8A3A-BA0E7A71827A}.Debug|x86.ActiveCfg = Debug|x86
		{E540F21A-CBF2-47C9-8A3A-BA0E7A71827A}.Debug|x86.Build.0 = Debug|x86
		{E540F21A-CBF2-47C9-8A3A-BA0E7A71827A}.Release|Any CPU.ActiveCfg = Release|Any CPU
		{E540F21A-CBF2-47C9-8A3A-BA0E7A71827A}.Release|Any CPU.Build.0 = Release|Any CPU
		{E540F21A-CBF2-47C9-8A3A-BA0E7A71827A}.Release|x64.ActiveCfg = Release|x86
		{E540F21A-CBF2-47C9-8A3A-BA0E7A71827A}.Release|x86.ActiveCfg = Release|x86
		{E540F21A-CBF2-47C9-8A3A-BA0E7A71827A}.Release|x86.Build.0 = Release|x86
		{9FF6FAFA-D1F7-4A7F-A451-CB63BD1FB518}.Debug|Any CPU.ActiveCfg = Debug|Any CPU
		{9FF6FAFA-D1F7-4A7F-A451-CB63BD1FB518}.Debug|Any CPU.Build.0 = Debug|Any CPU
		{9FF6FAFA-D1F7-4A7F-A451-CB63BD1FB518}.Debug|x64.ActiveCfg = Debug|x86
		{9FF6FAFA-D1F7-4A7F-A451-CB63BD1FB518}.Debug|x86.ActiveCfg = Debug|x86
		{9FF6FAFA-D1F7-4A7F-A451-CB63BD1FB518}.Debug|x86.Build.0 = Debug|x86
		{9FF6FAFA-D1F7-4A7F-A451-CB63BD1FB518}.Release|Any CPU.ActiveCfg = Release|Any CPU
		{9FF6FAFA-D1F7-4A7F-A451-CB63BD1FB518}.Release|Any CPU.Build.0 = Release|Any CPU
		{9FF6FAFA-D1F7-4A7F-A451-CB63BD1FB518}.Release|x64.ActiveCfg = Release|x86
		{9FF6FAFA-D1F7-4A7F-A451-CB63BD1FB518}.Release|x86.ActiveCfg = Release|x86
		{9FF6FAFA-D1F7-4A7F-A451-CB63BD1FB518}.Release|x86.Build.0 = Release|x86
		{DC6308AE-B1E7-46A5-8F82-667E8EF497FC}.Debug|Any CPU.ActiveCfg = Debug|Any CPU
		{DC6308AE-B1E7-46A5-8F82-667E8EF497FC}.Debug|Any CPU.Build.0 = Debug|Any CPU
		{DC6308AE-B1E7-46A5-8F82-667E8EF497FC}.Debug|x64.ActiveCfg = Debug|x86
		{DC6308AE-B1E7-46A5-8F82-667E8EF497FC}.Debug|x86.ActiveCfg = Debug|x86
		{DC6308AE-B1E7-46A5-8F82-667E8EF497FC}.Debug|x86.Build.0 = Debug|x86
		{DC6308AE-B1E7-46A5-8F82-667E8EF497FC}.Release|Any CPU.ActiveCfg = Release|Any CPU
		{DC6308AE-B1E7-46A5-8F82-667E8EF497FC}.Release|Any CPU.Build.0 = Release|Any CPU
		{DC6308AE-B1E7-46A5-8F82-667E8EF497FC}.Release|x64.ActiveCfg = Release|x86
		{DC6308AE-B1E7-46A5-8F82-667E8EF497FC}.Release|x86.ActiveCfg = Release|x86
		{DC6308AE-B1E7-46A5-8F82-667E8EF497FC}.Release|x86.Build.0 = Release|x86
		{3E635307-65A8-4A5E-A1D6-43500C570726}.Debug|Any CPU.ActiveCfg = Debug|Any CPU
		{3E635307-65A8-4A5E-A1D6-43500C570726}.Debug|Any CPU.Build.0 = Debug|Any CPU
		{3E635307-65A8-4A5E-A1D6-43500C570726}.Debug|x64.ActiveCfg = Debug|x86
		{3E635307-65A8-4A5E-A1D6-43500C570726}.Debug|x86.ActiveCfg = Debug|x86
		{3E635307-65A8-4A5E-A1D6-43500C570726}.Debug|x86.Build.0 = Debug|x86
		{3E635307-65A8-4A5E-A1D6-43500C570726}.Release|Any CPU.ActiveCfg = Release|Any CPU
		{3E635307-65A8-4A5E-A1D6-43500C570726}.Release|Any CPU.Build.0 = Release|Any CPU
		{3E635307-65A8-4A5E-A1D6-43500C570726}.Release|x64.ActiveCfg = Release|x86
		{3E635307-65A8-4A5E-A1D6-43500C570726}.Release|x86.ActiveCfg = Release|x86
		{3E635307-65A8-4A5E-A1D6-43500C570726}.Release|x86.Build.0 = Release|x86
		{A264087B-D7D9-4F3D-8D52-A4B6A00916D4}.Debug|Any CPU.ActiveCfg = Debug|Any CPU
		{A264087B-D7D9-4F3D-8D52-A4B6A00916D4}.Debug|Any CPU.Build.0 = Debug|Any CPU
		{A264087B-D7D9-4F3D-8D52-A4B6A00916D4}.Debug|x64.ActiveCfg = Debug|x86
		{A264087B-D7D9-4F3D-8D52-A4B6A00916D4}.Debug|x86.ActiveCfg = Debug|x86
		{A264087B-D7D9-4F3D-8D52-A4B6A00916D4}.Debug|x86.Build.0 = Debug|x86
		{A264087B-D7D9-4F3D-8D52-A4B6A00916D4}.Release|Any CPU.ActiveCfg = Release|Any CPU
		{A264087B-D7D9-4F3D-8D52-A4B6A00916D4}.Release|Any CPU.Build.0 = Release|Any CPU
		{A264087B-D7D9-4F3D-8D52-A4B6A00916D4}.Release|x64.ActiveCfg = Release|x86
		{A264087B-D7D9-4F3D-8D52-A4B6A00916D4}.Release|x86.ActiveCfg = Release|x86
		{A264087B-D7D9-4F3D-8D52-A4B6A00916D4}.Release|x86.Build.0 = Release|x86
		{47D377A7-FB32-4CA5-A2D1-8853771C2948}.Debug|Any CPU.ActiveCfg = Debug|Any CPU
		{47D377A7-FB32-4CA5-A2D1-8853771C2948}.Debug|Any CPU.Build.0 = Debug|Any CPU
		{47D377A7-FB32-4CA5-A2D1-8853771C2948}.Debug|x64.ActiveCfg = Debug|x86
		{47D377A7-FB32-4CA5-A2D1-8853771C2948}.Debug|x86.ActiveCfg = Debug|x86
		{47D377A7-FB32-4CA5-A2D1-8853771C2948}.Debug|x86.Build.0 = Debug|x86
		{47D377A7-FB32-4CA5-A2D1-8853771C2948}.Release|Any CPU.ActiveCfg = Release|Any CPU
		{47D377A7-FB32-4CA5-A2D1-8853771C2948}.Release|Any CPU.Build.0 = Release|Any CPU
		{47D377A7-FB32-4CA5-A2D1-8853771C2948}.Release|x64.ActiveCfg = Release|x86
		{47D377A7-FB32-4CA5-A2D1-8853771C2948}.Release|x86.ActiveCfg = Release|x86
		{47D377A7-FB32-4CA5-A2D1-8853771C2948}.Release|x86.Build.0 = Release|x86
		{EDD2DB4F-B1C4-4A3D-B4C3-599B4BDDB7D5}.Debug|Any CPU.ActiveCfg = Debug|Any CPU
		{EDD2DB4F-B1C4-4A3D-B4C3-599B4BDDB7D5}.Debug|Any CPU.Build.0 = Debug|Any CPU
		{EDD2DB4F-B1C4-4A3D-B4C3-599B4BDDB7D5}.Debug|x64.ActiveCfg = Debug|x86
		{EDD2DB4F-B1C4-4A3D-B4C3-599B4BDDB7D5}.Debug|x86.ActiveCfg = Debug|x86
		{EDD2DB4F-B1C4-4A3D-B4C3-599B4BDDB7D5}.Debug|x86.Build.0 = Debug|x86
		{EDD2DB4F-B1C4-4A3D-B4C3-599B4BDDB7D5}.Release|Any CPU.ActiveCfg = Release|Any CPU
		{EDD2DB4F-B1C4-4A3D-B4C3-599B4BDDB7D5}.Release|Any CPU.Build.0 = Release|Any CPU
		{EDD2DB4F-B1C4-4A3D-B4C3-599B4BDDB7D5}.Release|x64.ActiveCfg = Release|x86
		{EDD2DB4F-B1C4-4A3D-B4C3-599B4BDDB7D5}.Release|x86.ActiveCfg = Release|x86
		{EDD2DB4F-B1C4-4A3D-B4C3-599B4BDDB7D5}.Release|x86.Build.0 = Release|x86
		{04CA774E-ECDB-419E-95C7-F80701AE85C4}.Debug|Any CPU.ActiveCfg = Debug|Any CPU
		{04CA774E-ECDB-419E-95C7-F80701AE85C4}.Debug|Any CPU.Build.0 = Debug|Any CPU
		{04CA774E-ECDB-419E-95C7-F80701AE85C4}.Debug|x64.ActiveCfg = Debug|x86
		{04CA774E-ECDB-419E-95C7-F80701AE85C4}.Debug|x86.ActiveCfg = Debug|x86
		{04CA774E-ECDB-419E-95C7-F80701AE85C4}.Debug|x86.Build.0 = Debug|x86
		{04CA774E-ECDB-419E-95C7-F80701AE85C4}.Release|Any CPU.ActiveCfg = Release|Any CPU
		{04CA774E-ECDB-419E-95C7-F80701AE85C4}.Release|Any CPU.Build.0 = Release|Any CPU
		{04CA774E-ECDB-419E-95C7-F80701AE85C4}.Release|x64.ActiveCfg = Release|x86
		{04CA774E-ECDB-419E-95C7-F80701AE85C4}.Release|x86.ActiveCfg = Release|x86
		{04CA774E-ECDB-419E-95C7-F80701AE85C4}.Release|x86.Build.0 = Release|x86
	EndGlobalSection
	GlobalSection(SolutionProperties) = preSolution
		HideSolutionNode = FALSE
	EndGlobalSection
EndGlobal
